{
    "_meta": {
        "hash": {
            "sha256": "a7cb75e12634f35667f8af97ad685ff0116da1e1616e81e0cf787a420692e32e"
        },
        "pipfile-spec": 6,
        "requires": {
            "python_version": "3.7"
        },
        "sources": [
            {
                "name": "pypi",
                "url": "https://pypi.org/simple",
                "verify_ssl": true
            }
        ]
    },
    "default": {
        "numpy": {
            "hashes": [
                "sha256:0778076e764e146d3078b17c24c4d89e0ecd4ac5401beff8e1c87879043a0633",
                "sha256:141c7102f20abe6cf0d54c4ced8d565b86df4d3077ba2343b61a6db996cefec7",
                "sha256:14270a1ee8917d11e7753fb54fc7ffd1934f4d529235beec0b275e2ccf00333b",
                "sha256:27e11c7a8ec9d5838bc59f809bfa86efc8a4fd02e58960fa9c49d998e14332d5",
                "sha256:2a04dda79606f3d2f760384c38ccd3d5b9bb79d4c8126b67aff5eb09a253763e",
                "sha256:3c26010c1b51e1224a3ca6b8df807de6e95128b0908c7e34f190e7775455b0ca",
                "sha256:52c40f1a4262c896420c6ea1c6fda62cf67070e3947e3307f5562bd783a90336",
                "sha256:6e4f8d9e8aa79321657079b9ac03f3cf3fd067bf31c1cca4f56d49543f4356a5",
                "sha256:7242be12a58fec245ee9734e625964b97cf7e3f2f7d016603f9e56660ce479c7",
                "sha256:7dc253b542bfd4b4eb88d9dbae4ca079e7bf2e2afd819ee18891a43db66c60c7",
                "sha256:94f5bd885f67bbb25c82d80184abbf7ce4f6c3c3a41fbaa4182f034bba803e69",
                "sha256:a89e188daa119ffa0d03ce5123dee3f8ffd5115c896c2a9d4f0dbb3d8b95bfa3",
                "sha256:ad3399da9b0ca36e2f24de72f67ab2854a62e623274607e37e0ce5f5d5fa9166",
                "sha256:b0348be89275fd1d4c44ffa39530c41a21062f52299b1e3ee7d1c61f060044b8",
                "sha256:b5554368e4ede1856121b0dfa35ce71768102e4aa55e526cb8de7f374ff78722",
                "sha256:cbddc56b2502d3f87fda4f98d948eb5b11f36ff3902e17cb6cc44727f2200525",
                "sha256:d79f18f41751725c56eceab2a886f021d70fd70a6188fd386e29a045945ffc10",
                "sha256:dc2ca26a19ab32dc475dbad9dfe723d3a64c835f4c23f625c2b6566ca32b9f29",
                "sha256:dd9bcd4f294eb0633bb33d1a74febdd2b9018b8b8ed325f861fffcd2c7660bb8",
                "sha256:e8baab1bc7c9152715844f1faca6744f2416929de10d7639ed49555a85549f52",
                "sha256:ec31fe12668af687b99acf1567399632a7c47b0e17cfb9ae47c098644ef36797",
                "sha256:f12b4f7e2d8f9da3141564e6737d79016fe5336cc92de6814eba579744f65b0a",
                "sha256:f58ac38d5ca045a377b3b377c84df8175ab992c970a53332fa8ac2373df44ff7"
            ],
            "index": "pypi",
            "version": "==1.16.4"
        },
        "opencv-python": {
            "hashes": [
                "sha256:042b141424978d2cc9b32905a22b137d39d9f61d60f9cd970d9ed35da8b508d8",
                "sha256:0550060919e4aa0083c552e1e9d3e6548fe946a34bbe573b94ea6e9bf9d8da4e",
                "sha256:154daf889e23b0c6b27449033561699378094230e3b2a29515f74b06a682e806",
                "sha256:1f48aa26bde4607d7e797b768ec7cac796f8b98e3cc313de4942193731daa155",
                "sha256:2c6c43d95e618f7c97c81553daa6cc476f83cb9b4782c131b104171d909427cc",
                "sha256:42d53bdb47fadc7d266c88a00120f452171bfda06f8cbb12706106c26a28322d",
                "sha256:45ea2d208277c044d7fb9ec0f47f44227bcabfcacb0cd4687f217cb01e7c133d",
                "sha256:4fb8bcc669c5be8f342b6ea7dcba00c7c4bba9e0dd68a48a5e3428e396853150",
                "sha256:54bfe1e32f0fcd919c1883f173787bef019aa38c6202259265b1fa15270602f4",
                "sha256:5ffc9d9d7922b808fed6ed4bbbc596b799d2ba93cceb2dd87a03b6489051d7e2",
                "sha256:70cb9b121649c5bfba3aba29b517e9ed34ae9fb9dbff5e211f979a778f230cc2",
                "sha256:77cc97703bbecad79484cfcd49a7e21b81ba7d481ae7a030a482347760fd6694",
                "sha256:90ad5029ff9a8dde58b01aa6d8903989dde9c13fc88f403d1af20a4ae8917ba2",
                "sha256:9fdaab937a0f9e8237c89bac8ff01279b2321e74fe0cdeaeb3710854d96819c8",
                "sha256:a1298bfdb7475740a825c28c9c0ecce4d80225376702c72b7fe296f7eb9f3e0b",
                "sha256:a16698f2d1a4c7f8c604482f252ac3b44fb680878e84e2b091b76ba6cb23d4b0",
                "sha256:a2141cfb98c7e6d3ab7c50b511b02d688057417ac0a89d64795394a0e91369b4",
                "sha256:ac3d16be4662ce179187b51ae5698f0d25b970ab9e79d7216f6587623703c61a",
                "sha256:b1951fece88abb0d630a8b93eae2fa6cbf085dfcd727b34ccd9151008965cc7c",
                "sha256:c5c95a5e8f7aaa90da39604fe2e467b914183c81c7c776e2cade0173922c48cc",
                "sha256:cfe04992f508389e0a21eebb3b109c560b4b55ce66eab9783baa74f4b51aef3b",
                "sha256:d7eae953eaf8f9a0d9c3aa54dc59ff80322f156a5293940e5ab50ff7d46f6659",
                "sha256:de08cda9999a6095552d26ed96fa86519c93bccd80a1cd7762feec9e4f935e43",
                "sha256:e4f46417e7a9b9df050b1bc2596a33cc7036a2cb0ec8d4a03bd80c7601ef87be",
                "sha256:e50f2897b85eb40bf6b9a51fb62ecc0b00fb18edaf376febf8cf55d29baadf58",
                "sha256:e91df696f8e84a306b3c95c041df2e19d752ede94006f388483d47105e15185d",
                "sha256:ee8de5169d1f2639e9a7f76a59eb1c5d7708051fc3f7e336bf430b1b61533922"
            ],
            "index": "pypi",
            "version": "==3.4.5.20"
        },
        "scipy": {
            "hashes": [
                "sha256:03b1e0775edbe6a4c64effb05fff2ce1429b76d29d754aa5ee2d848b60033351",
                "sha256:09d008237baabf52a5d4f5a6fcf9b3c03408f3f61a69c404472a16861a73917e",
                "sha256:10325f0ffac2400b1ec09537b7e403419dcd25d9fee602a44e8a32119af9079e",
                "sha256:1db9f964ed9c52dc5bd6127f0dd90ac89791daa690a5665cc01eae185912e1ba",
                "sha256:409846be9d6bdcbd78b9e5afe2f64b2da5a923dd7c1cd0615ce589489533fdbb",
                "sha256:4907040f62b91c2e170359c3d36c000af783f0fa1516a83d6c1517cde0af5340",
                "sha256:6c0543f2fdd38dee631fb023c0f31c284a532d205590b393d72009c14847f5b1",
                "sha256:826b9f5fbb7f908a13aa1efd4b7321e36992f5868d5d8311c7b40cf9b11ca0e7",
                "sha256:a7695a378c2ce402405ea37b12c7a338a8755e081869bd6b95858893ceb617ae",
                "sha256:a84c31e8409b420c3ca57fd30c7589378d6fdc8d155d866a7f8e6e80dec6fd06",
                "sha256:adadeeae5500de0da2b9e8dd478520d0a9945b577b2198f2462555e68f58e7ef",
                "sha256:b283a76a83fe463c9587a2c88003f800e08c3929dfbeba833b78260f9c209785",
                "sha256:c19a7389ab3cd712058a8c3c9ffd8d27a57f3d84b9c91a931f542682bb3d269d",
                "sha256:c3bb4bd2aca82fb498247deeac12265921fe231502a6bc6edea3ee7fe6c40a7a",
                "sha256:c5ea60ece0c0c1c849025bfc541b60a6751b491b6f11dd9ef37ab5b8c9041921",
                "sha256:db61a640ca20f237317d27bc658c1fc54c7581ff7f6502d112922dc285bdabee"
            ],
            "index": "pypi",
            "version": "==1.3.0"
        }
    },
    "develop": {}
}
