{
    "_meta": {
        "hash": {
            "sha256": "c74baba7f23ba92457733e06cc697f021cdacab26d79971d37bb41b0e1729b3e"
        },
        "pipfile-spec": 6,
        "requires": {
            "python_version": "3.7"
        },
        "sources": [
            {
                "name": "pypi",
                "url": "https://pypi.org/simple",
                "verify_ssl": true
            }
        ]
    },
    "default": {
        "numpy": {
            "hashes": [
                "sha256:0778076e764e146d3078b17c24c4d89e0ecd4ac5401beff8e1c87879043a0633",
                "sha256:141c7102f20abe6cf0d54c4ced8d565b86df4d3077ba2343b61a6db996cefec7",
                "sha256:14270a1ee8917d11e7753fb54fc7ffd1934f4d529235beec0b275e2ccf00333b",
                "sha256:27e11c7a8ec9d5838bc59f809bfa86efc8a4fd02e58960fa9c49d998e14332d5",
                "sha256:2a04dda79606f3d2f760384c38ccd3d5b9bb79d4c8126b67aff5eb09a253763e",
                "sha256:3c26010c1b51e1224a3ca6b8df807de6e95128b0908c7e34f190e7775455b0ca",
                "sha256:52c40f1a4262c896420c6ea1c6fda62cf67070e3947e3307f5562bd783a90336",
                "sha256:6e4f8d9e8aa79321657079b9ac03f3cf3fd067bf31c1cca4f56d49543f4356a5",
                "sha256:7242be12a58fec245ee9734e625964b97cf7e3f2f7d016603f9e56660ce479c7",
                "sha256:7dc253b542bfd4b4eb88d9dbae4ca079e7bf2e2afd819ee18891a43db66c60c7",
                "sha256:94f5bd885f67bbb25c82d80184abbf7ce4f6c3c3a41fbaa4182f034bba803e69",
                "sha256:a89e188daa119ffa0d03ce5123dee3f8ffd5115c896c2a9d4f0dbb3d8b95bfa3",
                "sha256:ad3399da9b0ca36e2f24de72f67ab2854a62e623274607e37e0ce5f5d5fa9166",
                "sha256:b0348be89275fd1d4c44ffa39530c41a21062f52299b1e3ee7d1c61f060044b8",
                "sha256:b5554368e4ede1856121b0dfa35ce71768102e4aa55e526cb8de7f374ff78722",
                "sha256:cbddc56b2502d3f87fda4f98d948eb5b11f36ff3902e17cb6cc44727f2200525",
                "sha256:d79f18f41751725c56eceab2a886f021d70fd70a6188fd386e29a045945ffc10",
                "sha256:dc2ca26a19ab32dc475dbad9dfe723d3a64c835f4c23f625c2b6566ca32b9f29",
                "sha256:dd9bcd4f294eb0633bb33d1a74febdd2b9018b8b8ed325f861fffcd2c7660bb8",
                "sha256:e8baab1bc7c9152715844f1faca6744f2416929de10d7639ed49555a85549f52",
                "sha256:ec31fe12668af687b99acf1567399632a7c47b0e17cfb9ae47c098644ef36797",
                "sha256:f12b4f7e2d8f9da3141564e6737d79016fe5336cc92de6814eba579744f65b0a",
                "sha256:f58ac38d5ca045a377b3b377c84df8175ab992c970a53332fa8ac2373df44ff7"
            ],
            "index": "pypi",
            "version": "==1.16.4"
        },
        "opencv-python": {
            "hashes": [
                "sha256:0072f6bfd1ea906a73594268605da3d44fedafbfcc959b05656698a2ef53ff6e",
                "sha256:020904d3e03aa90114377b836d5f92512ebea6f5a5c724331917efd598eece0d",
                "sha256:043db539e6257db5ee67e8abec275295f8d1e4649912e64a6d3b471f44016046",
                "sha256:20154c144e41b66c761ac959a5b07741483de39f97fb0df9d16c808961f22006",
                "sha256:23dcf29381b6571d16301fbd76513263c1a5650767ff57f3e2adb945534737ec",
                "sha256:2f9e6ce1d02beac009f85c9619e996d39b34d248df827b5c4559f9f45a82f626",
                "sha256:312aef29560ec8c05f618d9e662774da5bad5e952f4fdd5bf5ccd3cb279ba93a",
                "sha256:38f883c055adb8aeecb0f5a16a7ce96b344af41d98033dcc32c8d38110604981",
                "sha256:5021cc5f134b608688eadb4fb71accaf2ddc0a8f0793b40e96921effbc8c812c",
                "sha256:61f7fbd668a205c99f8d6f75b492aaf38d3d7f500716296d1ee2f604b499151b",
                "sha256:683d1523fef6f30ebf902f803d1e94c284f74361b2097c129b7beae0617200fc",
                "sha256:7eafbf0249bd140453d8b1653b2452fb526b7988e8bb25ee1cb228bad6617f15",
                "sha256:92fabb448def53a2ca1dcb49eaab0fa4d0f57f882dd28cb2c27d91f2be7ce45f",
                "sha256:932c2d70d297f8d117ddc509796ba61b6f78920dd49da06e70c13fba6ce0131d",
                "sha256:938a81123ff904aa35804fa39bf62cf2bc14a4a150ae874eec09e709fd26502b",
                "sha256:a2eda53cd4c99c247242c7131a7e43843e1fb6cfe27a396d16c4aad3d87bdf09",
                "sha256:a44660a387f85b89881b6076ea702935a2e8048e1067e03652d7264d7560d0f8",
                "sha256:a739dc64662f98dd43582c031b716250dc1ec8918b657f2edfa2543969c3b25f",
                "sha256:a82c4fb7dc427a3a6cdeb0401b520956828c0859223080a411392bf97494bb1a",
                "sha256:aa6b494d02219a3f129ebea1a869132759dd0a7562f6e00ac564276fe50c2ed0",
                "sha256:c7b990582b8bb54e0c41bc9b5e76d552d55ddf37f77525d8c79e6420704ba386",
                "sha256:cfb07a788439b75d43d233315516085084ad80b633a1e8f92bbfe783f1c2b917",
                "sha256:dc81fb74d4df2bea8957544a14e9b40cc2a6cbdf01043b52ecff6f3877ad0b60",
                "sha256:e0112a4973141c8b8746feb162e17f6f0bc44414194572c1d6bb54250426c30b",
                "sha256:f4b46ad2965674ba4ef4c3c2098b7f99e37bb6dee30a9e20bf8a39007ca3fcae",
                "sha256:fe40ffb9c9c77a799e326d807e9cb8382146315fe13f8af2c93e9c94e75e093c",
                "sha256:ff314db7536cce2ea88a37d060c9eaf8a00f2e465671e571582cf1a614e02b75"
            ],
            "index": "pypi",
            "version": "==3.4.7.28"
        },
        "scipy": {
            "hashes": [
                "sha256:03b1e0775edbe6a4c64effb05fff2ce1429b76d29d754aa5ee2d848b60033351",
                "sha256:09d008237baabf52a5d4f5a6fcf9b3c03408f3f61a69c404472a16861a73917e",
                "sha256:10325f0ffac2400b1ec09537b7e403419dcd25d9fee602a44e8a32119af9079e",
                "sha256:1db9f964ed9c52dc5bd6127f0dd90ac89791daa690a5665cc01eae185912e1ba",
                "sha256:409846be9d6bdcbd78b9e5afe2f64b2da5a923dd7c1cd0615ce589489533fdbb",
                "sha256:4907040f62b91c2e170359c3d36c000af783f0fa1516a83d6c1517cde0af5340",
                "sha256:6c0543f2fdd38dee631fb023c0f31c284a532d205590b393d72009c14847f5b1",
                "sha256:826b9f5fbb7f908a13aa1efd4b7321e36992f5868d5d8311c7b40cf9b11ca0e7",
                "sha256:a7695a378c2ce402405ea37b12c7a338a8755e081869bd6b95858893ceb617ae",
                "sha256:a84c31e8409b420c3ca57fd30c7589378d6fdc8d155d866a7f8e6e80dec6fd06",
                "sha256:adadeeae5500de0da2b9e8dd478520d0a9945b577b2198f2462555e68f58e7ef",
                "sha256:b283a76a83fe463c9587a2c88003f800e08c3929dfbeba833b78260f9c209785",
                "sha256:c19a7389ab3cd712058a8c3c9ffd8d27a57f3d84b9c91a931f542682bb3d269d",
                "sha256:c3bb4bd2aca82fb498247deeac12265921fe231502a6bc6edea3ee7fe6c40a7a",
                "sha256:c5ea60ece0c0c1c849025bfc541b60a6751b491b6f11dd9ef37ab5b8c9041921",
                "sha256:db61a640ca20f237317d27bc658c1fc54c7581ff7f6502d112922dc285bdabee"
            ],
            "index": "pypi",
            "version": "==1.3.0"
        }
    },
    "develop": {}
}
